// !$*UTF8*$!
{
	archiveVersion = 1;
	classes = {
	};
	objectVersion = 51;
	objects = {

/* Begin PBXBuildFile section */
		CF0E796E26C4DDAE00B8520C /* AppDelegate.swift in Sources */ = {isa = PBXBuildFile; fileRef = CF0E796D26C4DDAE00B8520C /* AppDelegate.swift */; };
		CF0E797026C4DDAE00B8520C /* SceneDelegate.swift in Sources */ = {isa = PBXBuildFile; fileRef = CF0E796F26C4DDAE00B8520C /* SceneDelegate.swift */; };
		CF0E797226C4DDAE00B8520C /* ViewController.swift in Sources */ = {isa = PBXBuildFile; fileRef = CF0E797126C4DDAE00B8520C /* ViewController.swift */; };
		CF0E797526C4DDAE00B8520C /* Main.storyboard in Resources */ = {isa = PBXBuildFile; fileRef = CF0E797326C4DDAE00B8520C /* Main.storyboard */; };
		CF0E797726C4DDB000B8520C /* Assets.xcassets in Resources */ = {isa = PBXBuildFile; fileRef = CF0E797626C4DDB000B8520C /* Assets.xcassets */; };
		CF0E797A26C4DDB000B8520C /* LaunchScreen.storyboard in Resources */ = {isa = PBXBuildFile; fileRef = CF0E797826C4DDB000B8520C /* LaunchScreen.storyboard */; };
		CF0E798326C4DF5C00B8520C /* Tasks.swift in Sources */ = {isa = PBXBuildFile; fileRef = CF0E798226C4DF5C00B8520C /* Tasks.swift */; };
		E727DFAA8EF8414A6410CB6C /* Pods_TableViewWithRealmCRUD.framework in Frameworks */ = {isa = PBXBuildFile; fileRef = 5B2F905B61875702E7E5D7DC /* Pods_TableViewWithRealmCRUD.framework */; };
/* End PBXBuildFile section */

/* Begin PBXFileReference section */
		46BCDE9F96F8B0F0558246C2 /* Pods-TableViewWithRealmCRUD.release.xcconfig */ = {isa = PBXFileReference; includeInIndex = 1; lastKnownFileType = text.xcconfig; name = "Pods-TableViewWithRealmCRUD.release.xcconfig"; path = "Target Support Files/Pods-TableViewWithRealmCRUD/Pods-TableViewWithRealmCRUD.release.xcconfig"; sourceTree = "<group>"; };
		4CB37BBFF1B6F22CCD48DC9F /* Pods-TableViewWithRealmCRUD.debug.xcconfig */ = {isa = PBXFileReference; includeInIndex = 1; lastKnownFileType = text.xcconfig; name = "Pods-TableViewWithRealmCRUD.debug.xcconfig"; path = "Target Support Files/Pods-TableViewWithRealmCRUD/Pods-TableViewWithRealmCRUD.debug.xcconfig"; sourceTree = "<group>"; };
		5B2F905B61875702E7E5D7DC /* Pods_TableViewWithRealmCRUD.framework */ = {isa = PBXFileReference; explicitFileType = wrapper.framework; includeInIndex = 0; path = Pods_TableViewWithRealmCRUD.framework; sourceTree = BUILT_PRODUCTS_DIR; };
		CF0E796A26C4DDAE00B8520C /* TableViewWithRealmCRUD.app */ = {isa = PBXFileReference; explicitFileType = wrapper.application; includeInIndex = 0; path = TableViewWithRealmCRUD.app; sourceTree = BUILT_PRODUCTS_DIR; };
		CF0E796D26C4DDAE00B8520C /* AppDelegate.swift */ = {isa = PBXFileReference; lastKnownFileType = sourcecode.swift; path = AppDelegate.swift; sourceTree = "<group>"; };
		CF0E796F26C4DDAE00B8520C /* SceneDelegate.swift */ = {isa = PBXFileReference; lastKnownFileType = sourcecode.swift; path = SceneDelegate.swift; sourceTree = "<group>"; };
		CF0E797126C4DDAE00B8520C /* ViewController.swift */ = {isa = PBXFileReference; lastKnownFileType = sourcecode.swift; path = ViewController.swift; sourceTree = "<group>"; };
		CF0E797426C4DDAE00B8520C /* Base */ = {isa = PBXFileReference; lastKnownFileType = file.storyboard; name = Base; path = Base.lproj/Main.storyboard; sourceTree = "<group>"; };
		CF0E797626C4DDB000B8520C /* Assets.xcassets */ = {isa = PBXFileReference; lastKnownFileType = folder.assetcatalog; path = Assets.xcassets; sourceTree = "<group>"; };
		CF0E797926C4DDB000B8520C /* Base */ = {isa = PBXFileReference; lastKnownFileType = file.storyboard; name = Base; path = Base.lproj/LaunchScreen.storyboard; sourceTree = "<group>"; };
		CF0E797B26C4DDB000B8520C /* Info.plist */ = {isa = PBXFileReference; lastKnownFileType = text.plist.xml; path = Info.plist; sourceTree = "<group>"; };
		CF0E798226C4DF5C00B8520C /* Tasks.swift */ = {isa = PBXFileReference; lastKnownFileType = sourcecode.swift; path = Tasks.swift; sourceTree = "<group>"; };
/* End PBXFileReference section */

/* Begin PBXFrameworksBuildPhase section */
		CF0E796726C4DDAE00B8520C /* Frameworks */ = {
			isa = PBXFrameworksBuildPhase;
			buildActionMask = 2147483647;
			files = (
				E727DFAA8EF8414A6410CB6C /* Pods_TableViewWithRealmCRUD.framework in Frameworks */,
			);
			runOnlyForDeploymentPostprocessing = 0;
		};
/* End PBXFrameworksBuildPhase section */

/* Begin PBXGroup section */
		732747C5B3B277B064692B80 /* Frameworks */ = {
			isa = PBXGroup;
			children = (
				5B2F905B61875702E7E5D7DC /* Pods_TableViewWithRealmCRUD.framework */,
			);
			name = Frameworks;
			sourceTree = "<group>";
		};
		CF0E796126C4DDAE00B8520C = {
			isa = PBXGroup;
			children = (
				CF0E796C26C4DDAE00B8520C /* TableViewWithRealmCRUD */,
				CF0E796B26C4DDAE00B8520C /* Products */,
				E4FBA53CF83BE6BA4ACA4BA8 /* Pods */,
				732747C5B3B277B064692B80 /* Frameworks */,
			);
			sourceTree = "<group>";
		};
		CF0E796B26C4DDAE00B8520C /* Products */ = {
			isa = PBXGroup;
			children = (
				CF0E796A26C4DDAE00B8520C /* TableViewWithRealmCRUD.app */,
			);
			name = Products;
			sourceTree = "<group>";
		};
		CF0E796C26C4DDAE00B8520C /* TableViewWithRealmCRUD */ = {
			isa = PBXGroup;
			children = (
				CF0E796D26C4DDAE00B8520C /* AppDelegate.swift */,
				CF0E796F26C4DDAE00B8520C /* SceneDelegate.swift */,
				CF0E797126C4DDAE00B8520C /* ViewController.swift */,
				CF0E798126C4DF4100B8520C /* Model */,
				CF0E797326C4DDAE00B8520C /* Main.storyboard */,
				CF0E797626C4DDB000B8520C /* Assets.xcassets */,
				CF0E797826C4DDB000B8520C /* LaunchScreen.storyboard */,
				CF0E797B26C4DDB000B8520C /* Info.plist */,
			);
			path = TableViewWithRealmCRUD;
			sourceTree = "<group>";
		};
		CF0E798126C4DF4100B8520C /* Model */ = {
			isa = PBXGroup;
			children = (
				CF0E798226C4DF5C00B8520C /* Tasks.swift */,
			);
			path = Model;
			sourceTree = "<group>";
		};
		E4FBA53CF83BE6BA4ACA4BA8 /* Pods */ = {
			isa = PBXGroup;
			children = (
				4CB37BBFF1B6F22CCD48DC9F /* Pods-TableViewWithRealmCRUD.debug.xcconfig */,
				46BCDE9F96F8B0F0558246C2 /* Pods-TableViewWithRealmCRUD.release.xcconfig */,
			);
			path = Pods;
			sourceTree = "<group>";
		};
/* End PBXGroup section */

/* Begin PBXNativeTarget section */
		CF0E796926C4DDAE00B8520C /* TableViewWithRealmCRUD */ = {
			isa = PBXNativeTarget;
			buildConfigurationList = CF0E797E26C4DDB000B8520C /* Build configuration list for PBXNativeTarget "TableViewWithRealmCRUD" */;
			buildPhases = (
				141BE6C9F5D12725DC5211E2 /* [CP] Check Pods Manifest.lock */,
				CF0E796626C4DDAE00B8520C /* Sources */,
				CF0E796726C4DDAE00B8520C /* Frameworks */,
				CF0E796826C4DDAE00B8520C /* Resources */,
				746EDBE93E874A3F8142E76D /* [CP] Embed Pods Frameworks */,
			);
			buildRules = (
			);
			dependencies = (
			);
			name = TableViewWithRealmCRUD;
			productName = TableViewWithRealmCRUD;
			productReference = CF0E796A26C4DDAE00B8520C /* TableViewWithRealmCRUD.app */;
			productType = "com.apple.product-type.application";
		};
/* End PBXNativeTarget section */

/* Begin PBXProject section */
		CF0E796226C4DDAE00B8520C /* Project object */ = {
			isa = PBXProject;
			attributes = {
				LastSwiftUpdateCheck = 1250;
				LastUpgradeCheck = 1250;
				TargetAttributes = {
					CF0E796926C4DDAE00B8520C = {
						CreatedOnToolsVersion = 12.5;
					};
				};
			};
			buildConfigurationList = CF0E796526C4DDAE00B8520C /* Build configuration list for PBXProject "TableViewWithRealmCRUD" */;
			compatibilityVersion = "Xcode 9.3";
			developmentRegion = en;
			hasScannedForEncodings = 0;
			knownRegions = (
				en,
				Base,
			);
			mainGroup = CF0E796126C4DDAE00B8520C;
			productRefGroup = CF0E796B26C4DDAE00B8520C /* Products */;
			projectDirPath = "";
			projectRoot = "";
			targets = (
				CF0E796926C4DDAE00B8520C /* TableViewWithRealmCRUD */,
			);
		};
/* End PBXProject section */

/* Begin PBXResourcesBuildPhase section */
		CF0E796826C4DDAE00B8520C /* Resources */ = {
			isa = PBXResourcesBuildPhase;
			buildActionMask = 2147483647;
			files = (
				CF0E797A26C4DDB000B8520C /* LaunchScreen.storyboard in Resources */,
				CF0E797726C4DDB000B8520C /* Assets.xcassets in Resources */,
				CF0E797526C4DDAE00B8520C /* Main.storyboard in Resources */,
			);
			runOnlyForDeploymentPostprocessing = 0;
		};
/* End PBXResourcesBuildPhase section */

/* Begin PBXShellScriptBuildPhase section */
		141BE6C9F5D12725DC5211E2 /* [CP] Check Pods Manifest.lock */ = {
			isa = PBXShellScriptBuildPhase;
			buildActionMask = 2147483647;
			files = (
			);
			inputFileListPaths = (
			);
			inputPaths = (
				"${PODS_PODFILE_DIR_PATH}/Podfile.lock",
				"${PODS_ROOT}/Manifest.lock",
			);
			name = "[CP] Check Pods Manifest.lock";
			outputFileListPaths = (
			);
			outputPaths = (
				"$(DERIVED_FILE_DIR)/Pods-TableViewWithRealmCRUD-checkManifestLockResult.txt",
			);
			runOnlyForDeploymentPostprocessing = 0;
			shellPath = /bin/sh;
			shellScript = "diff \"${PODS_PODFILE_DIR_PATH}/Podfile.lock\" \"${PODS_ROOT}/Manifest.lock\" > /dev/null\nif [ $? != 0 ] ; then\n    # print error to STDERR\n    echo \"error: The sandbox is not in sync with the Podfile.lock. Run 'pod install' or update your CocoaPods installation.\" >&2\n    exit 1\nfi\n# This output is used by Xcode 'outputs' to avoid re-running this script phase.\necho \"SUCCESS\" > \"${SCRIPT_OUTPUT_FILE_0}\"\n";
			showEnvVarsInLog = 0;
		};
		746EDBE93E874A3F8142E76D /* [CP] Embed Pods Frameworks */ = {
			isa = PBXShellScriptBuildPhase;
			buildActionMask = 2147483647;
			files = (
			);
			inputFileListPaths = (
				"${PODS_ROOT}/Target Support Files/Pods-TableViewWithRealmCRUD/Pods-TableViewWithRealmCRUD-frameworks-${CONFIGURATION}-input-files.xcfilelist",
			);
			name = "[CP] Embed Pods Frameworks";
			outputFileListPaths = (
				"${PODS_ROOT}/Target Support Files/Pods-TableViewWithRealmCRUD/Pods-TableViewWithRealmCRUD-frameworks-${CONFIGURATION}-output-files.xcfilelist",
			);
			runOnlyForDeploymentPostprocessing = 0;
			shellPath = /bin/sh;
			shellScript = "\"${PODS_ROOT}/Target Support Files/Pods-TableViewWithRealmCRUD/Pods-TableViewWithRealmCRUD-frameworks.sh\"\n";
			showEnvVarsInLog = 0;
		};
/* End PBXShellScriptBuildPhase section */

/* Begin PBXSourcesBuildPhase section */
		CF0E796626C4DDAE00B8520C /* Sources */ = {
			isa = PBXSourcesBuildPhase;
			buildActionMask = 2147483647;
			files = (
				CF0E798326C4DF5C00B8520C /* Tasks.swift in Sources */,
				CF0E797226C4DDAE00B8520C /* ViewController.swift in Sources */,
				CF0E796E26C4DDAE00B8520C /* AppDelegate.swift in Sources */,
				CF0E797026C4DDAE00B8520C /* SceneDelegate.swift in Sources */,
			);
			runOnlyForDeploymentPostprocessing = 0;
		};
/* End PBXSourcesBuildPhase section */

/* Begin PBXVariantGroup section */
		CF0E797326C4DDAE00B8520C /* Main.storyboard */ = {
			isa = PBXVariantGroup;
			children = (
				CF0E797426C4DDAE00B8520C /* Base */,
			);
			name = Main.storyboard;
			sourceTree = "<group>";
		};
		CF0E797826C4DDB000B8520C /* LaunchScreen.storyboard */ = {
			isa = PBXVariantGroup;
			children = (
				CF0E797926C4DDB000B8520C /* Base */,
			);
			name = LaunchScreen.storyboard;
			sourceTree = "<group>";
		};
/* End PBXVariantGroup section */

/* Begin XCBuildConfiguration section */
		CF0E797C26C4DDB000B8520C /* Debug */ = {
			isa = XCBuildConfiguration;
			buildSettings = {
				ALWAYS_SEARCH_USER_PATHS = NO;
				CLANG_ANALYZER_NONNULL = YES;
				CLANG_ANALYZER_NUMBER_OBJECT_CONVERSION = YES_AGGRESSIVE;
				CLANG_CXX_LANGUAGE_STANDARD = "gnu++14";
				CLANG_CXX_LIBRARY = "libc++";
				CLANG_ENABLE_MODULES = YES;
				CLANG_ENABLE_OBJC_ARC = YES;
				CLANG_ENABLE_OBJC_WEAK = YES;
				CLANG_WARN_BLOCK_CAPTURE_AUTORELEASING = YES;
				CLANG_WARN_BOOL_CONVERSION = YES;
				CLANG_WARN_COMMA = YES;
				CLANG_WARN_CONSTANT_CONVERSION = YES;
				CLANG_WARN_DEPRECATED_OBJC_IMPLEMENTATIONS = YES;
				CLANG_WARN_DIRECT_OBJC_ISA_USAGE = YES_ERROR;
				CLANG_WARN_DOCUMENTATION_COMMENTS = YES;
				CLANG_WARN_EMPTY_BODY = YES;
				CLANG_WARN_ENUM_CONVERSION = YES;
				CLANG_WARN_INFINITE_RECURSION = YES;
				CLANG_WARN_INT_CONVERSION = YES;
				CLANG_WARN_NON_LITERAL_NULL_CONVERSION = YES;
				CLANG_WARN_OBJC_IMPLICIT_RETAIN_SELF = YES;
				CLANG_WARN_OBJC_LITERAL_CONVERSION = YES;
				CLANG_WARN_OBJC_ROOT_CLASS = YES_ERROR;
				CLANG_WARN_QUOTED_INCLUDE_IN_FRAMEWORK_HEADER = YES;
				CLANG_WARN_RANGE_LOOP_ANALYSIS = YES;
				CLANG_WARN_STRICT_PROTOTYPES = YES;
				CLANG_WARN_SUSPICIOUS_MOVE = YES;
				CLANG_WARN_UNGUARDED_AVAILABILITY = YES_AGGRESSIVE;
				CLANG_WARN_UNREACHABLE_CODE = YES;
				CLANG_WARN__DUPLICATE_METHOD_MATCH = YES;
				COPY_PHASE_STRIP = NO;
				DEBUG_INFORMATION_FORMAT = dwarf;
				ENABLE_STRICT_OBJC_MSGSEND = YES;
				ENABLE_TESTABILITY = YES;
				GCC_C_LANGUAGE_STANDARD = gnu11;
				GCC_DYNAMIC_NO_PIC = NO;
				GCC_NO_COMMON_BLOCKS = YES;
				GCC_OPTIMIZATION_LEVEL = 0;
				GCC_PREPROCESSOR_DEFINITIONS = (
					"DEBUG=1",
					"$(inherited)",
				);
				GCC_WARN_64_TO_32_BIT_CONVERSION = YES;
				GCC_WARN_ABOUT_RETURN_TYPE = YES_ERROR;
				GCC_WARN_UNDECLARED_SELECTOR = YES;
				GCC_WARN_UNINITIALIZED_AUTOS = YES_AGGRESSIVE;
				GCC_WARN_UNUSED_FUNCTION = YES;
				GCC_WARN_UNUSED_VARIABLE = YES;
				IPHONEOS_DEPLOYMENT_TARGET = 14.5;
				MTL_ENABLE_DEBUG_INFO = INCLUDE_SOURCE;
				MTL_FAST_MATH = YES;
				ONLY_ACTIVE_ARCH = YES;
				SDKROOT = iphoneos;
				SWIFT_ACTIVE_COMPILATION_CONDITIONS = DEBUG;
				SWIFT_OPTIMIZATION_LEVEL = "-Onone";
			};
			name = Debug;
		};
		CF0E797D26C4DDB000B8520C /* Release */ = {
			isa = XCBuildConfiguration;
			buildSettings = {
				ALWAYS_SEARCH_USER_PATHS = NO;
				CLANG_ANALYZER_NONNULL = YES;
				CLANG_ANALYZER_NUMBER_OBJECT_CONVERSION = YES_AGGRESSIVE;
				CLANG_CXX_LANGUAGE_STANDARD = "gnu++14";
				CLANG_CXX_LIBRARY = "libc++";
				CLANG_ENABLE_MODULES = YES;
				CLANG_ENABLE_OBJC_ARC = YES;
				CLANG_ENABLE_OBJC_WEAK = YES;
				CLANG_WARN_BLOCK_CAPTURE_AUTORELEASING = YES;
				CLANG_WARN_BOOL_CONVERSION = YES;
				CLANG_WARN_COMMA = YES;
				CLANG_WARN_CONSTANT_CONVERSION = YES;
				CLANG_WARN_DEPRECATED_OBJC_IMPLEMENTATIONS = YES;
				CLANG_WARN_DIRECT_OBJC_ISA_USAGE = YES_ERROR;
				CLANG_WARN_DOCUMENTATION_COMMENTS = YES;
				CLANG_WARN_EMPTY_BODY = YES;
				CLANG_WARN_ENUM_CONVERSION = YES;
				CLANG_WARN_INFINITE_RECURSION = YES;
				CLANG_WARN_INT_CONVERSION = YES;
				CLANG_WARN_NON_LITERAL_NULL_CONVERSION = YES;
				CLANG_WARN_OBJC_IMPLICIT_RETAIN_SELF = YES;
				CLANG_WARN_OBJC_LITERAL_CONVERSION = YES;
				CLANG_WARN_OBJC_ROOT_CLASS = YES_ERROR;
				CLANG_WARN_QUOTED_INCLUDE_IN_FRAMEWORK_HEADER = YES;
				CLANG_WARN_RANGE_LOOP_ANALYSIS = YES;
				CLANG_WARN_STRICT_PROTOTYPES = YES;
				CLANG_WARN_SUSPICIOUS_MOVE = YES;
				CLANG_WARN_UNGUARDED_AVAILABILITY = YES_AGGRESSIVE;
				CLANG_WARN_UNREACHABLE_CODE = YES;
				CLANG_WARN__DUPLICATE_METHOD_MATCH = YES;
				COPY_PHASE_STRIP = NO;
				DEBUG_INFORMATION_FORMAT = "dwarf-with-dsym";
				ENABLE_NS_ASSERTIONS = NO;
				ENABLE_STRICT_OBJC_MSGSEND = YES;
				GCC_C_LANGUAGE_STANDARD = gnu11;
				GCC_NO_COMMON_BLOCKS = YES;
				GCC_WARN_64_TO_32_BIT_CONVERSION = YES;
				GCC_WARN_ABOUT_RETURN_TYPE = YES_ERROR;
				GCC_WARN_UNDECLARED_SELECTOR = YES;
				GCC_WARN_UNINITIALIZED_AUTOS = YES_AGGRESSIVE;
				GCC_WARN_UNUSED_FUNCTION = YES;
				GCC_WARN_UNUSED_VARIABLE = YES;
				IPHONEOS_DEPLOYMENT_TARGET = 14.5;
				MTL_ENABLE_DEBUG_INFO = NO;
				MTL_FAST_MATH = YES;
				SDKROOT = iphoneos;
				SWIFT_COMPILATION_MODE = wholemodule;
				SWIFT_OPTIMIZATION_LEVEL = "-O";
				VALIDATE_PRODUCT = YES;
			};
			name = Release;
		};
		CF0E797F26C4DDB000B8520C /* Debug */ = {
			isa = XCBuildConfiguration;
			baseConfigurationReference = 4CB37BBFF1B6F22CCD48DC9F /* Pods-TableViewWithRealmCRUD.debug.xcconfig */;
			buildSettings = {
				ASSETCATALOG_COMPILER_APPICON_NAME = AppIcon;
				ASSETCATALOG_COMPILER_GLOBAL_ACCENT_COLOR_NAME = AccentColor;
				CODE_SIGN_STYLE = Automatic;
				DEVELOPMENT_TEAM = XS2R7967QT;
				INFOPLIST_FILE = TableViewWithRealmCRUD/Info.plist;
				LD_RUNPATH_SEARCH_PATHS = (
					"$(inherited)",
					"@executable_path/Frameworks",
				);
				PRODUCT_BUNDLE_IDENTIFIER = cow.iwaski.TableViewWithRealmCRUD;
				PRODUCT_NAME = "$(TARGET_NAME)";
				SWIFT_VERSION = 5.0;
				TARGETED_DEVICE_FAMILY = 1;
			};
			name = Debug;
		};
		CF0E798026C4DDB000B8520C /* Release */ = {
			isa = XCBuildConfiguration;
			baseConfigurationReference = 46BCDE9F96F8B0F0558246C2 /* Pods-TableViewWithRealmCRUD.release.xcconfig */;
			buildSettings = {
				ASSETCATALOG_COMPILER_APPICON_NAME = AppIcon;
				ASSETCATALOG_COMPILER_GLOBAL_ACCENT_COLOR_NAME = AccentColor;
				CODE_SIGN_STYLE = Automatic;
				DEVELOPMENT_TEAM = XS2R7967QT;
				INFOPLIST_FILE = TableViewWithRealmCRUD/Info.plist;
				LD_RUNPATH_SEARCH_PATHS = (
					"$(inherited)",
					"@executable_path/Frameworks",
				);
				PRODUCT_BUNDLE_IDENTIFIER = cow.iwaski.TableViewWithRealmCRUD;
				PRODUCT_NAME = "$(TARGET_NAME)";
				SWIFT_VERSION = 5.0;
				TARGETED_DEVICE_FAMILY = 1;
			};
			name = Release;
		};
/* End XCBuildConfiguration section */

/* Begin XCConfigurationList section */
		CF0E796526C4DDAE00B8520C /* Build configuration list for PBXProject "TableViewWithRealmCRUD" */ = {
			isa = XCConfigurationList;
			buildConfigurations = (
				CF0E797C26C4DDB000B8520C /* Debug */,
				CF0E797D26C4DDB000B8520C /* Release */,
			);
			defaultConfigurationIsVisible = 0;
			defaultConfigurationName = Release;
		};
		CF0E797E26C4DDB000B8520C /* Build configuration list for PBXNativeTarget "TableViewWithRealmCRUD" */ = {
			isa = XCConfigurationList;
			buildConfigurations = (
				CF0E797F26C4DDB000B8520C /* Debug */,
				CF0E798026C4DDB000B8520C /* Release */,
			);
			defaultConfigurationIsVisible = 0;
			defaultConfigurationName = Release;
		};
/* End XCConfigurationList section */
	};
	rootObject = CF0E796226C4DDAE00B8520C /* Project object */;
}
